
Microsoft Visual Studio Solution File, Format Version 12.00
# Visual Studio 2012
Project("{FAE04EC0-301F-11D3-BF4B-00C04F79EFBC}") = "FluentLayoutDemo", "FluentLayoutDemo\FluentLayoutDemo.csproj", "{C45D677C-D138-4C4F-A85B-112FCBF63869}"
EndProject
Global
	GlobalSection(SolutionConfigurationPlatforms) = preSolution
		Debug|iPhoneSimulator = Debug|iPhoneSimulator
		Release|iPhone = Release|iPhone
		Release|iPhoneSimulator = Release|iPhoneSimulator
		Debug|iPhone = Debug|iPhone
	EndGlobalSection
	GlobalSection(ProjectConfigurationPlatforms) = postSolution
		{C45D677C-D138-4C4F-A85B-112FCBF63869}.Debug|iPhone.ActiveCfg = Debug|iPhone
		{C45D677C-D138-4C4F-A85B-112FCBF63869}.Debug|iPhone.Build.0 = Debug|iPhone
		{C45D677C-D138-4C4F-A85B-112FCBF63869}.Debug|iPhoneSimulator.ActiveCfg = Debug|iPhoneSimulator
		{C45D677C-D138-4C4F-A85B-112FCBF63869}.Debug|iPhoneSimulator.Build.0 = Debug|iPhoneSimulator
		{C45D677C-D138-4C4F-A85B-112FCBF63869}.Release|iPhone.ActiveCfg = Release|iPhone
		{C45D677C-D138-4C4F-A85B-112FCBF63869}.Release|iPhone.Build.0 = Release|iPhone
		{C45D677C-D138-4C4F-A85B-112FCBF63869}.Release|iPhoneSimulator.ActiveCfg = Release|iPhoneSimulator
		{C45D677C-D138-4C4F-A85B-112FCBF63869}.Release|iPhoneSimulator.Build.0 = Release|iPhoneSimulator
	EndGlobalSection
EndGlobal
